// !$*UTF8*$!
{
	archiveVersion = 1;
	classes = {
	};
	objectVersion = 46;
	objects = {

/* Begin PBXBuildFile section */
		2C12ACEE17A88DD300DD32B5 /* Line.m in Sources */ = {isa = PBXBuildFile; fileRef = 2C12ACED17A88DD300DD32B5 /* Line.m */; };
		2C12ACF117A8AE9700DD32B5 /* Station.m in Sources */ = {isa = PBXBuildFile; fileRef = 2C12ACF017A8AE9700DD32B5 /* Station.m */; };
		2C12ACF417AB052C00DD32B5 /* Utils.m in Sources */ = {isa = PBXBuildFile; fileRef = 2C12ACF317AB052C00DD32B5 /* Utils.m */; };
		2C12ACF817AD9EA400DD32B5 /* SelectedLineViewController.m in Sources */ = {isa = PBXBuildFile; fileRef = 2C12ACF617AD9EA300DD32B5 /* SelectedLineViewController.m */; };
		2C12ACF917AD9EA400DD32B5 /* SelectedLineViewController.xib in Resources */ = {isa = PBXBuildFile; fileRef = 2C12ACF717AD9EA300DD32B5 /* SelectedLineViewController.xib */; };
		93E855CB8CBB4B03AE8955E1 /* libPods.a in Frameworks */ = {isa = PBXBuildFile; fileRef = DC53FA498CE64A2ABE30F28A /* libPods.a */; };
		F874DDEE17A76B1100D0E695 /* UIKit.framework in Frameworks */ = {isa = PBXBuildFile; fileRef = F874DDED17A76B1100D0E695 /* UIKit.framework */; };
		F874DDF017A76B1100D0E695 /* Foundation.framework in Frameworks */ = {isa = PBXBuildFile; fileRef = F874DDEF17A76B1100D0E695 /* Foundation.framework */; };
		F874DDF217A76B1100D0E695 /* CoreGraphics.framework in Frameworks */ = {isa = PBXBuildFile; fileRef = F874DDF117A76B1100D0E695 /* CoreGraphics.framework */; };
		F874DDF817A76B1200D0E695 /* InfoPlist.strings in Resources */ = {isa = PBXBuildFile; fileRef = F874DDF617A76B1200D0E695 /* InfoPlist.strings */; };
		F874DDFA17A76B1200D0E695 /* main.m in Sources */ = {isa = PBXBuildFile; fileRef = F874DDF917A76B1200D0E695 /* main.m */; };
		F874DDFE17A76B1200D0E695 /* AppDelegate.m in Sources */ = {isa = PBXBuildFile; fileRef = F874DDFD17A76B1200D0E695 /* AppDelegate.m */; };
		F874DE0017A76B1200D0E695 /* Default.png in Resources */ = {isa = PBXBuildFile; fileRef = F874DDFF17A76B1200D0E695 /* Default.png */; };
		F874DE0217A76B1200D0E695 /* Default@2x.png in Resources */ = {isa = PBXBuildFile; fileRef = F874DE0117A76B1200D0E695 /* Default@2x.png */; };
		F874DE0417A76B1200D0E695 /* Default-568h@2x.png in Resources */ = {isa = PBXBuildFile; fileRef = F874DE0317A76B1200D0E695 /* Default-568h@2x.png */; };
		F874DE0717A76B1200D0E695 /* MainViewController.m in Sources */ = {isa = PBXBuildFile; fileRef = F874DE0617A76B1200D0E695 /* MainViewController.m */; };
		F874DE0A17A76B1200D0E695 /* FlipsideViewController.m in Sources */ = {isa = PBXBuildFile; fileRef = F874DE0917A76B1200D0E695 /* FlipsideViewController.m */; };
		F874DE0D17A76B1200D0E695 /* MainViewController.xib in Resources */ = {isa = PBXBuildFile; fileRef = F874DE0B17A76B1200D0E695 /* MainViewController.xib */; };
		F874DE1017A76B1200D0E695 /* FlipsideViewController.xib in Resources */ = {isa = PBXBuildFile; fileRef = F874DE0E17A76B1200D0E695 /* FlipsideViewController.xib */; };
		F874DE1817A76B1200D0E695 /* SenTestingKit.framework in Frameworks */ = {isa = PBXBuildFile; fileRef = F874DE1717A76B1200D0E695 /* SenTestingKit.framework */; };
		F874DE1917A76B1200D0E695 /* UIKit.framework in Frameworks */ = {isa = PBXBuildFile; fileRef = F874DDED17A76B1100D0E695 /* UIKit.framework */; };
		F874DE1A17A76B1200D0E695 /* Foundation.framework in Frameworks */ = {isa = PBXBuildFile; fileRef = F874DDEF17A76B1100D0E695 /* Foundation.framework */; };
		F874DE2217A76B1200D0E695 /* InfoPlist.strings in Resources */ = {isa = PBXBuildFile; fileRef = F874DE2017A76B1200D0E695 /* InfoPlist.strings */; };
		F874DE2517A76B1200D0E695 /* MTATests.m in Sources */ = {isa = PBXBuildFile; fileRef = F874DE2417A76B1200D0E695 /* MTATests.m */; };
/* End PBXBuildFile section */

/* Begin PBXContainerItemProxy section */
		F874DE1B17A76B1200D0E695 /* PBXContainerItemProxy */ = {
			isa = PBXContainerItemProxy;
			containerPortal = F874DDE217A76B1100D0E695 /* Project object */;
			proxyType = 1;
			remoteGlobalIDString = F874DDE917A76B1100D0E695;
			remoteInfo = MTA;
		};
/* End PBXContainerItemProxy section */

/* Begin PBXFileReference section */
		2C12ACEC17A88DD300DD32B5 /* Line.h */ = {isa = PBXFileReference; fileEncoding = 4; lastKnownFileType = sourcecode.c.h; path = Line.h; sourceTree = "<group>"; };
		2C12ACED17A88DD300DD32B5 /* Line.m */ = {isa = PBXFileReference; fileEncoding = 4; lastKnownFileType = sourcecode.c.objc; path = Line.m; sourceTree = "<group>"; };
		2C12ACEF17A8AE9700DD32B5 /* Station.h */ = {isa = PBXFileReference; fileEncoding = 4; lastKnownFileType = sourcecode.c.h; path = Station.h; sourceTree = "<group>"; };
		2C12ACF017A8AE9700DD32B5 /* Station.m */ = {isa = PBXFileReference; fileEncoding = 4; lastKnownFileType = sourcecode.c.objc; path = Station.m; sourceTree = "<group>"; };
		2C12ACF217AB052B00DD32B5 /* Utils.h */ = {isa = PBXFileReference; fileEncoding = 4; lastKnownFileType = sourcecode.c.h; path = Utils.h; sourceTree = "<group>"; };
		2C12ACF317AB052C00DD32B5 /* Utils.m */ = {isa = PBXFileReference; fileEncoding = 4; lastKnownFileType = sourcecode.c.objc; path = Utils.m; sourceTree = "<group>"; };
		2C12ACF517AD9EA300DD32B5 /* SelectedLineViewController.h */ = {isa = PBXFileReference; fileEncoding = 4; lastKnownFileType = sourcecode.c.h; path = SelectedLineViewController.h; sourceTree = "<group>"; };
		2C12ACF617AD9EA300DD32B5 /* SelectedLineViewController.m */ = {isa = PBXFileReference; fileEncoding = 4; lastKnownFileType = sourcecode.c.objc; path = SelectedLineViewController.m; sourceTree = "<group>"; };
		2C12ACF717AD9EA300DD32B5 /* SelectedLineViewController.xib */ = {isa = PBXFileReference; fileEncoding = 4; lastKnownFileType = file.xib; path = SelectedLineViewController.xib; sourceTree = "<group>"; };
		DAA2A9E650474ED49152D01B /* Pods.xcconfig */ = {isa = PBXFileReference; includeInIndex = 1; lastKnownFileType = text.xcconfig; name = Pods.xcconfig; path = Pods/Pods.xcconfig; sourceTree = SOURCE_ROOT; };
		DC53FA498CE64A2ABE30F28A /* libPods.a */ = {isa = PBXFileReference; explicitFileType = archive.ar; includeInIndex = 0; path = libPods.a; sourceTree = BUILT_PRODUCTS_DIR; };
		F874DDEA17A76B1100D0E695 /* MTA.app */ = {isa = PBXFileReference; explicitFileType = wrapper.application; includeInIndex = 0; path = MTA.app; sourceTree = BUILT_PRODUCTS_DIR; };
		F874DDED17A76B1100D0E695 /* UIKit.framework */ = {isa = PBXFileReference; lastKnownFileType = wrapper.framework; name = UIKit.framework; path = System/Library/Frameworks/UIKit.framework; sourceTree = SDKROOT; };
		F874DDEF17A76B1100D0E695 /* Foundation.framework */ = {isa = PBXFileReference; lastKnownFileType = wrapper.framework; name = Foundation.framework; path = System/Library/Frameworks/Foundation.framework; sourceTree = SDKROOT; };
		F874DDF117A76B1100D0E695 /* CoreGraphics.framework */ = {isa = PBXFileReference; lastKnownFileType = wrapper.framework; name = CoreGraphics.framework; path = System/Library/Frameworks/CoreGraphics.framework; sourceTree = SDKROOT; };
		F874DDF517A76B1200D0E695 /* MTA-Info.plist */ = {isa = PBXFileReference; lastKnownFileType = text.plist.xml; path = "MTA-Info.plist"; sourceTree = "<group>"; };
		F874DDF717A76B1200D0E695 /* en */ = {isa = PBXFileReference; lastKnownFileType = text.plist.strings; name = en; path = en.lproj/InfoPlist.strings; sourceTree = "<group>"; };
		F874DDF917A76B1200D0E695 /* main.m */ = {isa = PBXFileReference; lastKnownFileType = sourcecode.c.objc; path = main.m; sourceTree = "<group>"; };
		F874DDFB17A76B1200D0E695 /* MTA-Prefix.pch */ = {isa = PBXFileReference; lastKnownFileType = sourcecode.c.h; path = "MTA-Prefix.pch"; sourceTree = "<group>"; };
		F874DDFC17A76B1200D0E695 /* AppDelegate.h */ = {isa = PBXFileReference; lastKnownFileType = sourcecode.c.h; path = AppDelegate.h; sourceTree = "<group>"; };
		F874DDFD17A76B1200D0E695 /* AppDelegate.m */ = {isa = PBXFileReference; lastKnownFileType = sourcecode.c.objc; path = AppDelegate.m; sourceTree = "<group>"; };
		F874DDFF17A76B1200D0E695 /* Default.png */ = {isa = PBXFileReference; lastKnownFileType = image.png; path = Default.png; sourceTree = "<group>"; };
		F874DE0117A76B1200D0E695 /* Default@2x.png */ = {isa = PBXFileReference; lastKnownFileType = image.png; path = "Default@2x.png"; sourceTree = "<group>"; };
		F874DE0317A76B1200D0E695 /* Default-568h@2x.png */ = {isa = PBXFileReference; lastKnownFileType = image.png; path = "Default-568h@2x.png"; sourceTree = "<group>"; };
		F874DE0517A76B1200D0E695 /* MainViewController.h */ = {isa = PBXFileReference; lastKnownFileType = sourcecode.c.h; path = MainViewController.h; sourceTree = "<group>"; };
		F874DE0617A76B1200D0E695 /* MainViewController.m */ = {isa = PBXFileReference; lastKnownFileType = sourcecode.c.objc; path = MainViewController.m; sourceTree = "<group>"; };
		F874DE0817A76B1200D0E695 /* FlipsideViewController.h */ = {isa = PBXFileReference; lastKnownFileType = sourcecode.c.h; path = FlipsideViewController.h; sourceTree = "<group>"; };
		F874DE0917A76B1200D0E695 /* FlipsideViewController.m */ = {isa = PBXFileReference; lastKnownFileType = sourcecode.c.objc; path = FlipsideViewController.m; sourceTree = "<group>"; };
		F874DE0C17A76B1200D0E695 /* en */ = {isa = PBXFileReference; lastKnownFileType = file.xib; name = en; path = en.lproj/MainViewController.xib; sourceTree = "<group>"; };
		F874DE0F17A76B1200D0E695 /* en */ = {isa = PBXFileReference; lastKnownFileType = file.xib; name = en; path = en.lproj/FlipsideViewController.xib; sourceTree = "<group>"; };
		F874DE1617A76B1200D0E695 /* MTATests.octest */ = {isa = PBXFileReference; explicitFileType = wrapper.cfbundle; includeInIndex = 0; path = MTATests.octest; sourceTree = BUILT_PRODUCTS_DIR; };
		F874DE1717A76B1200D0E695 /* SenTestingKit.framework */ = {isa = PBXFileReference; lastKnownFileType = wrapper.framework; name = SenTestingKit.framework; path = Library/Frameworks/SenTestingKit.framework; sourceTree = DEVELOPER_DIR; };
		F874DE1F17A76B1200D0E695 /* MTATests-Info.plist */ = {isa = PBXFileReference; lastKnownFileType = text.plist.xml; path = "MTATests-Info.plist"; sourceTree = "<group>"; };
		F874DE2117A76B1200D0E695 /* en */ = {isa = PBXFileReference; lastKnownFileType = text.plist.strings; name = en; path = en.lproj/InfoPlist.strings; sourceTree = "<group>"; };
		F874DE2317A76B1200D0E695 /* MTATests.h */ = {isa = PBXFileReference; lastKnownFileType = sourcecode.c.h; path = MTATests.h; sourceTree = "<group>"; };
		F874DE2417A76B1200D0E695 /* MTATests.m */ = {isa = PBXFileReference; lastKnownFileType = sourcecode.c.objc; path = MTATests.m; sourceTree = "<group>"; };
/* End PBXFileReference section */

/* Begin PBXFrameworksBuildPhase section */
		F874DDE717A76B1100D0E695 /* Frameworks */ = {
			isa = PBXFrameworksBuildPhase;
			buildActionMask = 2147483647;
			files = (
				F874DDEE17A76B1100D0E695 /* UIKit.framework in Frameworks */,
				F874DDF017A76B1100D0E695 /* Foundation.framework in Frameworks */,
				F874DDF217A76B1100D0E695 /* CoreGraphics.framework in Frameworks */,
				93E855CB8CBB4B03AE8955E1 /* libPods.a in Frameworks */,
			);
			runOnlyForDeploymentPostprocessing = 0;
		};
		F874DE1217A76B1200D0E695 /* Frameworks */ = {
			isa = PBXFrameworksBuildPhase;
			buildActionMask = 2147483647;
			files = (
				F874DE1817A76B1200D0E695 /* SenTestingKit.framework in Frameworks */,
				F874DE1917A76B1200D0E695 /* UIKit.framework in Frameworks */,
				F874DE1A17A76B1200D0E695 /* Foundation.framework in Frameworks */,
			);
			runOnlyForDeploymentPostprocessing = 0;
		};
/* End PBXFrameworksBuildPhase section */

/* Begin PBXGroup section */
		F874DDE117A76B1100D0E695 = {
			isa = PBXGroup;
			children = (
				F874DDF317A76B1200D0E695 /* MTA */,
				F874DE1D17A76B1200D0E695 /* MTATests */,
				F874DDEC17A76B1100D0E695 /* Frameworks */,
				F874DDEB17A76B1100D0E695 /* Products */,
				DAA2A9E650474ED49152D01B /* Pods.xcconfig */,
			);
			sourceTree = "<group>";
		};
		F874DDEB17A76B1100D0E695 /* Products */ = {
			isa = PBXGroup;
			children = (
				F874DDEA17A76B1100D0E695 /* MTA.app */,
				F874DE1617A76B1200D0E695 /* MTATests.octest */,
			);
			name = Products;
			sourceTree = "<group>";
		};
		F874DDEC17A76B1100D0E695 /* Frameworks */ = {
			isa = PBXGroup;
			children = (
				F874DDED17A76B1100D0E695 /* UIKit.framework */,
				F874DDEF17A76B1100D0E695 /* Foundation.framework */,
				F874DDF117A76B1100D0E695 /* CoreGraphics.framework */,
				F874DE1717A76B1200D0E695 /* SenTestingKit.framework */,
				DC53FA498CE64A2ABE30F28A /* libPods.a */,
			);
			name = Frameworks;
			sourceTree = "<group>";
		};
		F874DDF317A76B1200D0E695 /* MTA */ = {
			isa = PBXGroup;
			children = (
				F874DDFC17A76B1200D0E695 /* AppDelegate.h */,
				F874DDFD17A76B1200D0E695 /* AppDelegate.m */,
				F874DE0517A76B1200D0E695 /* MainViewController.h */,
				F874DE0617A76B1200D0E695 /* MainViewController.m */,
				2C12ACF517AD9EA300DD32B5 /* SelectedLineViewController.h */,
				2C12ACF617AD9EA300DD32B5 /* SelectedLineViewController.m */,
				2C12ACF717AD9EA300DD32B5 /* SelectedLineViewController.xib */,
				F874DE0817A76B1200D0E695 /* FlipsideViewController.h */,
				F874DE0917A76B1200D0E695 /* FlipsideViewController.m */,
				F874DE0B17A76B1200D0E695 /* MainViewController.xib */,
				F874DE0E17A76B1200D0E695 /* FlipsideViewController.xib */,
				F874DDF417A76B1200D0E695 /* Supporting Files */,
				2C12ACF217AB052B00DD32B5 /* Utils.h */,
				2C12ACF317AB052C00DD32B5 /* Utils.m */,
				2C12ACEC17A88DD300DD32B5 /* Line.h */,
				2C12ACED17A88DD300DD32B5 /* Line.m */,
				2C12ACEF17A8AE9700DD32B5 /* Station.h */,
				2C12ACF017A8AE9700DD32B5 /* Station.m */,
			);
			path = MTA;
			sourceTree = "<group>";
		};
		F874DDF417A76B1200D0E695 /* Supporting Files */ = {
			isa = PBXGroup;
			children = (
				F874DDF517A76B1200D0E695 /* MTA-Info.plist */,
				F874DDF617A76B1200D0E695 /* InfoPlist.strings */,
				F874DDF917A76B1200D0E695 /* main.m */,
				F874DDFB17A76B1200D0E695 /* MTA-Prefix.pch */,
				F874DDFF17A76B1200D0E695 /* Default.png */,
				F874DE0117A76B1200D0E695 /* Default@2x.png */,
				F874DE0317A76B1200D0E695 /* Default-568h@2x.png */,
			);
			name = "Supporting Files";
			sourceTree = "<group>";
		};
		F874DE1D17A76B1200D0E695 /* MTATests */ = {
			isa = PBXGroup;
			children = (
				F874DE2317A76B1200D0E695 /* MTATests.h */,
				F874DE2417A76B1200D0E695 /* MTATests.m */,
				F874DE1E17A76B1200D0E695 /* Supporting Files */,
			);
			path = MTATests;
			sourceTree = "<group>";
		};
		F874DE1E17A76B1200D0E695 /* Supporting Files */ = {
			isa = PBXGroup;
			children = (
				F874DE1F17A76B1200D0E695 /* MTATests-Info.plist */,
				F874DE2017A76B1200D0E695 /* InfoPlist.strings */,
			);
			name = "Supporting Files";
			sourceTree = "<group>";
		};
/* End PBXGroup section */

/* Begin PBXNativeTarget section */
		F874DDE917A76B1100D0E695 /* MTA */ = {
			isa = PBXNativeTarget;
			buildConfigurationList = F874DE2817A76B1200D0E695 /* Build configuration list for PBXNativeTarget "MTA" */;
			buildPhases = (
				E025F0D173034954B293263C /* Check Pods Manifest.lock */,
				F874DDE617A76B1100D0E695 /* Sources */,
				F874DDE717A76B1100D0E695 /* Frameworks */,
				F874DDE817A76B1100D0E695 /* Resources */,
				1F6A464AC932435EB92DCD3D /* Copy Pods Resources */,
			);
			buildRules = (
			);
			dependencies = (
			);
			name = MTA;
			productName = MTA;
			productReference = F874DDEA17A76B1100D0E695 /* MTA.app */;
			productType = "com.apple.product-type.application";
		};
		F874DE1517A76B1200D0E695 /* MTATests */ = {
			isa = PBXNativeTarget;
			buildConfigurationList = F874DE2B17A76B1200D0E695 /* Build configuration list for PBXNativeTarget "MTATests" */;
			buildPhases = (
				F874DE1117A76B1200D0E695 /* Sources */,
				F874DE1217A76B1200D0E695 /* Frameworks */,
				F874DE1317A76B1200D0E695 /* Resources */,
				F874DE1417A76B1200D0E695 /* ShellScript */,
			);
			buildRules = (
			);
			dependencies = (
				F874DE1C17A76B1200D0E695 /* PBXTargetDependency */,
			);
			name = MTATests;
			productName = MTATests;
			productReference = F874DE1617A76B1200D0E695 /* MTATests.octest */;
			productType = "com.apple.product-type.bundle";
		};
/* End PBXNativeTarget section */

/* Begin PBXProject section */
		F874DDE217A76B1100D0E695 /* Project object */ = {
			isa = PBXProject;
			attributes = {
				LastUpgradeCheck = 0460;
				ORGANIZATIONNAME = "Renata Rodrigues";
			};
			buildConfigurationList = F874DDE517A76B1100D0E695 /* Build configuration list for PBXProject "MTA" */;
			compatibilityVersion = "Xcode 3.2";
			developmentRegion = English;
			hasScannedForEncodings = 0;
			knownRegions = (
				en,
			);
			mainGroup = F874DDE117A76B1100D0E695;
			productRefGroup = F874DDEB17A76B1100D0E695 /* Products */;
			projectDirPath = "";
			projectRoot = "";
			targets = (
				F874DDE917A76B1100D0E695 /* MTA */,
				F874DE1517A76B1200D0E695 /* MTATests */,
			);
		};
/* End PBXProject section */

/* Begin PBXResourcesBuildPhase section */
		F874DDE817A76B1100D0E695 /* Resources */ = {
			isa = PBXResourcesBuildPhase;
			buildActionMask = 2147483647;
			files = (
				F874DDF817A76B1200D0E695 /* InfoPlist.strings in Resources */,
				F874DE0017A76B1200D0E695 /* Default.png in Resources */,
				F874DE0217A76B1200D0E695 /* Default@2x.png in Resources */,
				F874DE0417A76B1200D0E695 /* Default-568h@2x.png in Resources */,
				F874DE0D17A76B1200D0E695 /* MainViewController.xib in Resources */,
				F874DE1017A76B1200D0E695 /* FlipsideViewController.xib in Resources */,
				2C12ACF917AD9EA400DD32B5 /* SelectedLineViewController.xib in Resources */,
			);
			runOnlyForDeploymentPostprocessing = 0;
		};
		F874DE1317A76B1200D0E695 /* Resources */ = {
			isa = PBXResourcesBuildPhase;
			buildActionMask = 2147483647;
			files = (
				F874DE2217A76B1200D0E695 /* InfoPlist.strings in Resources */,
			);
			runOnlyForDeploymentPostprocessing = 0;
		};
/* End PBXResourcesBuildPhase section */

/* Begin PBXShellScriptBuildPhase section */
		1F6A464AC932435EB92DCD3D /* Copy Pods Resources */ = {
			isa = PBXShellScriptBuildPhase;
			buildActionMask = 2147483647;
			files = (
			);
			inputPaths = (
			);
			name = "Copy Pods Resources";
			outputPaths = (
			);
			runOnlyForDeploymentPostprocessing = 0;
			shellPath = /bin/sh;
			shellScript = "\"${SRCROOT}/Pods/Pods-resources.sh\"\n";
		};
		E025F0D173034954B293263C /* Check Pods Manifest.lock */ = {
			isa = PBXShellScriptBuildPhase;
			buildActionMask = 2147483647;
			files = (
			);
			inputPaths = (
			);
			name = "Check Pods Manifest.lock";
			outputPaths = (
			);
			runOnlyForDeploymentPostprocessing = 0;
			shellPath = /bin/sh;
			shellScript = "diff \"${PODS_ROOT}/../Podfile.lock\" \"${PODS_ROOT}/Manifest.lock\" > /dev/null\nif [[ $? != 0 ]] ; then\n    cat << EOM\nerror: The sandbox is not in sync with the Podfile.lock. Run 'pod install' or update your CocoaPods installation.\nEOM\n    exit 1\nfi\n";
		};
		F874DE1417A76B1200D0E695 /* ShellScript */ = {
			isa = PBXShellScriptBuildPhase;
			buildActionMask = 2147483647;
			files = (
			);
			inputPaths = (
			);
			outputPaths = (
			);
			runOnlyForDeploymentPostprocessing = 0;
			shellPath = /bin/sh;
			shellScript = "# Run the unit tests in this test bundle.\n\"${SYSTEM_DEVELOPER_DIR}/Tools/RunUnitTests\"\n";
		};
/* End PBXShellScriptBuildPhase section */

/* Begin PBXSourcesBuildPhase section */
		F874DDE617A76B1100D0E695 /* Sources */ = {
			isa = PBXSourcesBuildPhase;
			buildActionMask = 2147483647;
			files = (
				F874DDFA17A76B1200D0E695 /* main.m in Sources */,
				F874DDFE17A76B1200D0E695 /* AppDelegate.m in Sources */,
				F874DE0717A76B1200D0E695 /* MainViewController.m in Sources */,
				F874DE0A17A76B1200D0E695 /* FlipsideViewController.m in Sources */,
				2C12ACEE17A88DD300DD32B5 /* Line.m in Sources */,
				2C12ACF117A8AE9700DD32B5 /* Station.m in Sources */,
				2C12ACF417AB052C00DD32B5 /* Utils.m in Sources */,
				2C12ACF817AD9EA400DD32B5 /* SelectedLineViewController.m in Sources */,
			);
			runOnlyForDeploymentPostprocessing = 0;
		};
		F874DE1117A76B1200D0E695 /* Sources */ = {
			isa = PBXSourcesBuildPhase;
			buildActionMask = 2147483647;
			files = (
				F874DE2517A76B1200D0E695 /* MTATests.m in Sources */,
			);
			runOnlyForDeploymentPostprocessing = 0;
		};
/* End PBXSourcesBuildPhase section */

/* Begin PBXTargetDependency section */
		F874DE1C17A76B1200D0E695 /* PBXTargetDependency */ = {
			isa = PBXTargetDependency;
			target = F874DDE917A76B1100D0E695 /* MTA */;
			targetProxy = F874DE1B17A76B1200D0E695 /* PBXContainerItemProxy */;
		};
/* End PBXTargetDependency section */

/* Begin PBXVariantGroup section */
		F874DDF617A76B1200D0E695 /* InfoPlist.strings */ = {
			isa = PBXVariantGroup;
			children = (
				F874DDF717A76B1200D0E695 /* en */,
			);
			name = InfoPlist.strings;
			sourceTree = "<group>";
		};
		F874DE0B17A76B1200D0E695 /* MainViewController.xib */ = {
			isa = PBXVariantGroup;
			children = (
				F874DE0C17A76B1200D0E695 /* en */,
			);
			name = MainViewController.xib;
			sourceTree = "<group>";
		};
		F874DE0E17A76B1200D0E695 /* FlipsideViewController.xib */ = {
			isa = PBXVariantGroup;
			children = (
				F874DE0F17A76B1200D0E695 /* en */,
			);
			name = FlipsideViewController.xib;
			sourceTree = "<group>";
		};
		F874DE2017A76B1200D0E695 /* InfoPlist.strings */ = {
			isa = PBXVariantGroup;
			children = (
				F874DE2117A76B1200D0E695 /* en */,
			);
			name = InfoPlist.strings;
			sourceTree = "<group>";
		};
/* End PBXVariantGroup section */

/* Begin XCBuildConfiguration section */
		F874DE2617A76B1200D0E695 /* Debug */ = {
			isa = XCBuildConfiguration;
			buildSettings = {
				ALWAYS_SEARCH_USER_PATHS = NO;
				CLANG_CXX_LANGUAGE_STANDARD = "gnu++0x";
				CLANG_CXX_LIBRARY = "libc++";
				CLANG_ENABLE_OBJC_ARC = YES;
				CLANG_WARN_CONSTANT_CONVERSION = YES;
				CLANG_WARN_EMPTY_BODY = YES;
				CLANG_WARN_ENUM_CONVERSION = YES;
				CLANG_WARN_INT_CONVERSION = YES;
				CLANG_WARN__DUPLICATE_METHOD_MATCH = YES;
				"CODE_SIGN_IDENTITY[sdk=iphoneos*]" = "iPhone Developer";
				COPY_PHASE_STRIP = NO;
				GCC_C_LANGUAGE_STANDARD = gnu99;
				GCC_DYNAMIC_NO_PIC = NO;
				GCC_OPTIMIZATION_LEVEL = 0;
				GCC_PREPROCESSOR_DEFINITIONS = (
					"DEBUG=1",
					"$(inherited)",
				);
				GCC_SYMBOLS_PRIVATE_EXTERN = NO;
				GCC_WARN_ABOUT_RETURN_TYPE = YES;
				GCC_WARN_UNINITIALIZED_AUTOS = YES;
				GCC_WARN_UNUSED_VARIABLE = YES;
				IPHONEOS_DEPLOYMENT_TARGET = 6.1;
				ONLY_ACTIVE_ARCH = YES;
				SDKROOT = iphoneos;
			};
			name = Debug;
		};
		F874DE2717A76B1200D0E695 /* Release */ = {
			isa = XCBuildConfiguration;
			buildSettings = {
				ALWAYS_SEARCH_USER_PATHS = NO;
				CLANG_CXX_LANGUAGE_STANDARD = "gnu++0x";
				CLANG_CXX_LIBRARY = "libc++";
				CLANG_ENABLE_OBJC_ARC = YES;
				CLANG_WARN_CONSTANT_CONVERSION = YES;
				CLANG_WARN_EMPTY_BODY = YES;
				CLANG_WARN_ENUM_CONVERSION = YES;
				CLANG_WARN_INT_CONVERSION = YES;
				CLANG_WARN__DUPLICATE_METHOD_MATCH = YES;
				"CODE_SIGN_IDENTITY[sdk=iphoneos*]" = "iPhone Developer";
				COPY_PHASE_STRIP = YES;
				GCC_C_LANGUAGE_STANDARD = gnu99;
				GCC_WARN_ABOUT_RETURN_TYPE = YES;
				GCC_WARN_UNINITIALIZED_AUTOS = YES;
				GCC_WARN_UNUSED_VARIABLE = YES;
				IPHONEOS_DEPLOYMENT_TARGET = 6.1;
				OTHER_CFLAGS = "-DNS_BLOCK_ASSERTIONS=1";
				SDKROOT = iphoneos;
				VALIDATE_PRODUCT = YES;
			};
			name = Release;
		};
		F874DE2917A76B1200D0E695 /* Debug */ = {
			isa = XCBuildConfiguration;
			baseConfigurationReference = DAA2A9E650474ED49152D01B /* Pods.xcconfig */;
			buildSettings = {
				GCC_PRECOMPILE_PREFIX_HEADER = YES;
				GCC_PREFIX_HEADER = "MTA/MTA-Prefix.pch";
				INFOPLIST_FILE = "MTA/MTA-Info.plist";
				PRODUCT_NAME = "$(TARGET_NAME)";
				WRAPPER_EXTENSION = app;
			};
			name = Debug;
		};
		F874DE2A17A76B1200D0E695 /* Release */ = {
			isa = XCBuildConfiguration;
			baseConfigurationReference = DAA2A9E650474ED49152D01B /* Pods.xcconfig */;
			buildSettings = {
				GCC_PRECOMPILE_PREFIX_HEADER = YES;
				GCC_PREFIX_HEADER = "MTA/MTA-Prefix.pch";
				INFOPLIST_FILE = "MTA/MTA-Info.plist";
				PRODUCT_NAME = "$(TARGET_NAME)";
				WRAPPER_EXTENSION = app;
			};
			name = Release;
		};
		F874DE2C17A76B1200D0E695 /* Debug */ = {
			isa = XCBuildConfiguration;
			buildSettings = {
				BUNDLE_LOADER = "$(BUILT_PRODUCTS_DIR)/MTA.app/MTA";
				FRAMEWORK_SEARCH_PATHS = (
					"\"$(SDKROOT)/Developer/Library/Frameworks\"",
					"\"$(DEVELOPER_LIBRARY_DIR)/Frameworks\"",
				);
				GCC_PRECOMPILE_PREFIX_HEADER = YES;
				GCC_PREFIX_HEADER = "MTA/MTA-Prefix.pch";
				INFOPLIST_FILE = "MTATests/MTATests-Info.plist";
				PRODUCT_NAME = "$(TARGET_NAME)";
				TEST_HOST = "$(BUNDLE_LOADER)";
				WRAPPER_EXTENSION = octest;
			};
			name = Debug;
		};
		F874DE2D17A76B1200D0E695 /* Release */ = {
			isa = XCBuildConfiguration;
			buildSettings = {
				BUNDLE_LOADER = "$(BUILT_PRODUCTS_DIR)/MTA.app/MTA";
				FRAMEWORK_SEARCH_PATHS = (
					"\"$(SDKROOT)/Developer/Library/Frameworks\"",
					"\"$(DEVELOPER_LIBRARY_DIR)/Frameworks\"",
				);
				GCC_PRECOMPILE_PREFIX_HEADER = YES;
				GCC_PREFIX_HEADER = "MTA/MTA-Prefix.pch";
				INFOPLIST_FILE = "MTATests/MTATests-Info.plist";
				PRODUCT_NAME = "$(TARGET_NAME)";
				TEST_HOST = "$(BUNDLE_LOADER)";
				WRAPPER_EXTENSION = octest;
			};
			name = Release;
		};
/* End XCBuildConfiguration section */

/* Begin XCConfigurationList section */
		F874DDE517A76B1100D0E695 /* Build configuration list for PBXProject "MTA" */ = {
			isa = XCConfigurationList;
			buildConfigurations = (
				F874DE2617A76B1200D0E695 /* Debug */,
				F874DE2717A76B1200D0E695 /* Release */,
			);
			defaultConfigurationIsVisible = 0;
			defaultConfigurationName = Release;
		};
		F874DE2817A76B1200D0E695 /* Build configuration list for PBXNativeTarget "MTA" */ = {
			isa = XCConfigurationList;
			buildConfigurations = (
				F874DE2917A76B1200D0E695 /* Debug */,
				F874DE2A17A76B1200D0E695 /* Release */,
			);
			defaultConfigurationIsVisible = 0;
			defaultConfigurationName = Release;
		};
		F874DE2B17A76B1200D0E695 /* Build configuration list for PBXNativeTarget "MTATests" */ = {
			isa = XCConfigurationList;
			buildConfigurations = (
				F874DE2C17A76B1200D0E695 /* Debug */,
				F874DE2D17A76B1200D0E695 /* Release */,
			);
			defaultConfigurationIsVisible = 0;
			defaultConfigurationName = Release;
		};
/* End XCConfigurationList section */
	};
	rootObject = F874DDE217A76B1100D0E695 /* Project object */;
}
